
Microsoft Visual Studio Solution File, Format Version 12.00
# Visual Studio 15
VisualStudioVersion = 15.0.27428.2015
MinimumVisualStudioVersion = 10.0.40219.1
Project("{FAE04EC0-301F-11D3-BF4B-00C04F79EFBC}") = "Sensor", "Sensor\Sensor.csproj", "{6327A195-587D-4D4B-892F-AE41399CE771}"
EndProject
Project("{FAE04EC0-301F-11D3-BF4B-00C04F79EFBC}") = "MetricExchangeTools", "..\MetricExchangeTools\MetricExchangeTools.csproj", "{44B426D5-BAE6-4336-9956-79BA897AC80E}"
EndProject
Global
	GlobalSection(SolutionConfigurationPlatforms) = preSolution
		Debug|Any CPU = Debug|Any CPU
		Release|Any CPU = Release|Any CPU
	EndGlobalSection
	GlobalSection(ProjectConfigurationPlatforms) = postSolution
		{6327A195-587D-4D4B-892F-AE41399CE771}.Debug|Any CPU.ActiveCfg = Debug|Any CPU
		{6327A195-587D-4D4B-892F-AE41399CE771}.Debug|Any CPU.Build.0 = Debug|Any CPU
		{6327A195-587D-4D4B-892F-AE41399CE771}.Release|Any CPU.ActiveCfg = Release|Any CPU
		{6327A195-587D-4D4B-892F-AE41399CE771}.Release|Any CPU.Build.0 = Release|Any CPU
		{44B426D5-BAE6-4336-9956-79BA897AC80E}.Debug|Any CPU.ActiveCfg = Debug|Any CPU
		{44B426D5-BAE6-4336-9956-79BA897AC80E}.Debug|Any CPU.Build.0 = Debug|Any CPU
		{44B426D5-BAE6-4336-9956-79BA897AC80E}.Release|Any CPU.ActiveCfg = Release|Any CPU
		{44B426D5-BAE6-4336-9956-79BA897AC80E}.Release|Any CPU.Build.0 = Release|Any CPU
	EndGlobalSection
	GlobalSection(SolutionProperties) = preSolution
		HideSolutionNode = FALSE
	EndGlobalSection
	GlobalSection(ExtensibilityGlobals) = postSolution
		SolutionGuid = {5C4FCC3C-3A03-4CCC-9074-088AD455E617}
	EndGlobalSection
EndGlobal
